apiVersion: kblocks.io/v1
kind: Block
spec:
  engine: pulumi
  definition:
    description: An example block implemented using Pulumi
    icon: heroicon://beaker
    readme: ./README.md
    schema: src/values.schema.json
    outputs:
      - myOutput
  operator:
    # the engine reads these environment variables to configure the provisioning engine
    envSecrets:
      PULUMI_ACCESS_TOKEN: credentials
      AWS_DEFAULT_REGION: credentials
      AWS_ACCESS_KEY_ID: credentials
      AWS_SECRET_ACCESS_KEY: credentials
