apiVersion: kblocks.io/v1
kind: Block
spec:
  engine: noop
  definition:
    readme: ./README.md
    schema: ./src/values.schema.json
    description: An example of a noop block
    group: core
    version: v1
    kind: Secret
    plural: secrets
    singular: secret
  operator:
    namespace: kblocks-test
    env:
      KBLOCKS_PUBSUB_HOST: "test-redis.kblocks-test.svc.cluster.local"
      KBLOCKS_PUBSUB_KEY: "pass1234"
      KBLOCKS_SYSTEM_ID: test-system
      KBLOCKS_ACCESS: read_write
    skipCrd: true
    flushOnly: true
    flushCrontab: "*/30 * * * * *"
metadata:
  name: secrets.core
