engine: wing/k8s
definition:
  group: kblocks.io
  version: v1
  kind: WingKubernetesResource
  plural: wingk8s
  outputs:
    - message
  readme: README.md
  icon: heroicon://cube
  color: green
  description: kblock wing/k8s test resource
operator:
  namespace: kblocks-test
  env:
    #KBLOCKS_EVENTS_URL: "http://{{ .Release.Name }}-sink.kblocks-test.svc.cluster.local:80/events"
    KBLOCKS_EVENTS_URL: https://api.kblocks.io/api/events
    KBLOCKS_CONTROL_URL: wss://api.kblocks.io/api/control
    KBLOCKS_SYSTEM_ID: demo
