engine: wing/k8s
definition:
  group: kblocks.io
  version: v1
  kind: WingKubernetesResource
  plural: wingk8s
  outputs:
    - message
  readme: README.md
  icon: heroicon://cube
operator:
  namespace: kblocks-test
  env:
    KBLOCKS_EVENTS_URL: "http://{{ .Release.Name }}-sink.kblocks-test.svc.cluster.local:80/events"
