apiVersion: kblocks.io/v1
kind: Block
metadata:
  name: kblock
  namespace: kblocks
spec:
  engine: cdk8s
  definition:
    group: kblocks.io
    version: v1
    kind: Block
    plural: blocks
    readme: README.md
    icon: heroicon://cube
    schema: ./src/manifest.schema.json
  operator:
    env:
      KBLOCKS_SYSTEM_ID: "{{ .Values.system }}"
