apiVersion: kblocks.io/v1
kind: Block
metadata:
  name: test-resource
spec:
  engine: wing/k8s
  definition: 
    group: testing.kblocks.io
    version: v1
    kind: TestResource
    plural: testresources
    outputs:
      - message
    readme: README.md
    icon: heroicon://sparkles
    color: green
    description: kblock wing/k8s test resource
    schema: ./src/resource.w
  operator:
    namespace: kblocks-test
    workers: 2
    env:
      KBLOCKS_PUBSUB_HOST: "test-redis.kblocks-test.svc.cluster.local"
      KBLOCKS_API_KEY: "pass1234"
      KBLOCKS_SYSTEM_ID: test-system
      KBLOCKS_ACCESS: write
